
Microsoft Visual Studio Solution File, Format Version 12.00
# Visual Studio Version 17
VisualStudioVersion = 17.0.32014.148
MinimumVisualStudioVersion = 10.0.40219.1
Project("{FAE04EC0-301F-11D3-BF4B-00C04F79EFBC}") = "ConsoleApp2", "ConsoleApp2\ConsoleApp2.csproj", "{D05FBCC5-E1F1-43AC-A21A-9AD33B399848}"
EndProject
Global
	GlobalSection(SolutionConfigurationPlatforms) = preSolution
		Debug|Any CPU = Debug|Any CPU
		Release|Any CPU = Release|Any CPU
	EndGlobalSection
	GlobalSection(ProjectConfigurationPlatforms) = postSolution
		{D05FBCC5-E1F1-43AC-A21A-9AD33B399848}.Debug|Any CPU.ActiveCfg = Debug|Any CPU
		{D05FBCC5-E1F1-43AC-A21A-9AD33B399848}.Debug|Any CPU.Build.0 = Debug|Any CPU
		{D05FBCC5-E1F1-43AC-A21A-9AD33B399848}.Release|Any CPU.ActiveCfg = Release|Any CPU
		{D05FBCC5-E1F1-43AC-A21A-9AD33B399848}.Release|Any CPU.Build.0 = Release|Any CPU
	EndGlobalSection
	GlobalSection(SolutionProperties) = preSolution
		HideSolutionNode = FALSE
	EndGlobalSection
	GlobalSection(ExtensibilityGlobals) = postSolution
		SolutionGuid = {F71244E8-85FD-43AC-9C6F-08970ED88F1A}
	EndGlobalSection
EndGlobal
