
Microsoft Visual Studio Solution File, Format Version 12.00
# Visual Studio Version 17
VisualStudioVersion = 17.0.32014.148
MinimumVisualStudioVersion = 10.0.40219.1
Project("{FAE04EC0-301F-11D3-BF4B-00C04F79EFBC}") = "Exercicio34", "Exercicio34\Exercicio34.csproj", "{72335DA0-02FF-41C2-B52F-4595DF2DA9AB}"
EndProject
Global
	GlobalSection(SolutionConfigurationPlatforms) = preSolution
		Debug|Any CPU = Debug|Any CPU
		Release|Any CPU = Release|Any CPU
	EndGlobalSection
	GlobalSection(ProjectConfigurationPlatforms) = postSolution
		{72335DA0-02FF-41C2-B52F-4595DF2DA9AB}.Debug|Any CPU.ActiveCfg = Debug|Any CPU
		{72335DA0-02FF-41C2-B52F-4595DF2DA9AB}.Debug|Any CPU.Build.0 = Debug|Any CPU
		{72335DA0-02FF-41C2-B52F-4595DF2DA9AB}.Release|Any CPU.ActiveCfg = Release|Any CPU
		{72335DA0-02FF-41C2-B52F-4595DF2DA9AB}.Release|Any CPU.Build.0 = Release|Any CPU
	EndGlobalSection
	GlobalSection(SolutionProperties) = preSolution
		HideSolutionNode = FALSE
	EndGlobalSection
	GlobalSection(ExtensibilityGlobals) = postSolution
		SolutionGuid = {FFE9ADFF-99ED-4C35-8FF5-5299B62C987F}
	EndGlobalSection
EndGlobal
