
Microsoft Visual Studio Solution File, Format Version 12.00
# Visual Studio Version 17
VisualStudioVersion = 17.0.32014.148
MinimumVisualStudioVersion = 10.0.40219.1
Project("{FAE04EC0-301F-11D3-BF4B-00C04F79EFBC}") = "Exercicio21", "Exercicio21\Exercicio21.csproj", "{5F34B3BB-EDA4-4380-A667-E1B6B738F6E8}"
EndProject
Global
	GlobalSection(SolutionConfigurationPlatforms) = preSolution
		Debug|Any CPU = Debug|Any CPU
		Release|Any CPU = Release|Any CPU
	EndGlobalSection
	GlobalSection(ProjectConfigurationPlatforms) = postSolution
		{5F34B3BB-EDA4-4380-A667-E1B6B738F6E8}.Debug|Any CPU.ActiveCfg = Debug|Any CPU
		{5F34B3BB-EDA4-4380-A667-E1B6B738F6E8}.Debug|Any CPU.Build.0 = Debug|Any CPU
		{5F34B3BB-EDA4-4380-A667-E1B6B738F6E8}.Release|Any CPU.ActiveCfg = Release|Any CPU
		{5F34B3BB-EDA4-4380-A667-E1B6B738F6E8}.Release|Any CPU.Build.0 = Release|Any CPU
	EndGlobalSection
	GlobalSection(SolutionProperties) = preSolution
		HideSolutionNode = FALSE
	EndGlobalSection
	GlobalSection(ExtensibilityGlobals) = postSolution
		SolutionGuid = {4F9527CE-604E-492C-ADFB-E2A7F3145DDC}
	EndGlobalSection
EndGlobal
