
Microsoft Visual Studio Solution File, Format Version 12.00
# Visual Studio Version 17
VisualStudioVersion = 17.0.32014.148
MinimumVisualStudioVersion = 10.0.40219.1
Project("{FAE04EC0-301F-11D3-BF4B-00C04F79EFBC}") = "Exercicio19", "Exercicio19\Exercicio19.csproj", "{F2746445-8E85-460A-B83C-76863D05F46C}"
EndProject
Global
	GlobalSection(SolutionConfigurationPlatforms) = preSolution
		Debug|Any CPU = Debug|Any CPU
		Release|Any CPU = Release|Any CPU
	EndGlobalSection
	GlobalSection(ProjectConfigurationPlatforms) = postSolution
		{F2746445-8E85-460A-B83C-76863D05F46C}.Debug|Any CPU.ActiveCfg = Debug|Any CPU
		{F2746445-8E85-460A-B83C-76863D05F46C}.Debug|Any CPU.Build.0 = Debug|Any CPU
		{F2746445-8E85-460A-B83C-76863D05F46C}.Release|Any CPU.ActiveCfg = Release|Any CPU
		{F2746445-8E85-460A-B83C-76863D05F46C}.Release|Any CPU.Build.0 = Release|Any CPU
	EndGlobalSection
	GlobalSection(SolutionProperties) = preSolution
		HideSolutionNode = FALSE
	EndGlobalSection
	GlobalSection(ExtensibilityGlobals) = postSolution
		SolutionGuid = {B7FD7EDD-BEAA-4175-9AD1-16DB3D8F087A}
	EndGlobalSection
EndGlobal
