
Microsoft Visual Studio Solution File, Format Version 12.00
# Visual Studio Version 17
VisualStudioVersion = 17.0.32014.148
MinimumVisualStudioVersion = 10.0.40219.1
Project("{FAE04EC0-301F-11D3-BF4B-00C04F79EFBC}") = "Exercicio38", "Exercicio38\Exercicio38.csproj", "{9A7338A4-5F25-42CA-9CF7-CF5C28137798}"
EndProject
Global
	GlobalSection(SolutionConfigurationPlatforms) = preSolution
		Debug|Any CPU = Debug|Any CPU
		Release|Any CPU = Release|Any CPU
	EndGlobalSection
	GlobalSection(ProjectConfigurationPlatforms) = postSolution
		{9A7338A4-5F25-42CA-9CF7-CF5C28137798}.Debug|Any CPU.ActiveCfg = Debug|Any CPU
		{9A7338A4-5F25-42CA-9CF7-CF5C28137798}.Debug|Any CPU.Build.0 = Debug|Any CPU
		{9A7338A4-5F25-42CA-9CF7-CF5C28137798}.Release|Any CPU.ActiveCfg = Release|Any CPU
		{9A7338A4-5F25-42CA-9CF7-CF5C28137798}.Release|Any CPU.Build.0 = Release|Any CPU
	EndGlobalSection
	GlobalSection(SolutionProperties) = preSolution
		HideSolutionNode = FALSE
	EndGlobalSection
	GlobalSection(ExtensibilityGlobals) = postSolution
		SolutionGuid = {7044C9CC-0869-4281-AA4A-7D4783F63A04}
	EndGlobalSection
EndGlobal
