
Microsoft Visual Studio Solution File, Format Version 12.00
# Visual Studio Version 17
VisualStudioVersion = 17.0.32014.148
MinimumVisualStudioVersion = 10.0.40219.1
Project("{FAE04EC0-301F-11D3-BF4B-00C04F79EFBC}") = "Exercicio28", "Exercicio28\Exercicio28.csproj", "{537B8DD3-8185-4645-B1F1-FE4B6F4CC123}"
EndProject
Global
	GlobalSection(SolutionConfigurationPlatforms) = preSolution
		Debug|Any CPU = Debug|Any CPU
		Release|Any CPU = Release|Any CPU
	EndGlobalSection
	GlobalSection(ProjectConfigurationPlatforms) = postSolution
		{537B8DD3-8185-4645-B1F1-FE4B6F4CC123}.Debug|Any CPU.ActiveCfg = Debug|Any CPU
		{537B8DD3-8185-4645-B1F1-FE4B6F4CC123}.Debug|Any CPU.Build.0 = Debug|Any CPU
		{537B8DD3-8185-4645-B1F1-FE4B6F4CC123}.Release|Any CPU.ActiveCfg = Release|Any CPU
		{537B8DD3-8185-4645-B1F1-FE4B6F4CC123}.Release|Any CPU.Build.0 = Release|Any CPU
	EndGlobalSection
	GlobalSection(SolutionProperties) = preSolution
		HideSolutionNode = FALSE
	EndGlobalSection
	GlobalSection(ExtensibilityGlobals) = postSolution
		SolutionGuid = {A04765F3-7105-4F54-B01C-AAFEA72BC628}
	EndGlobalSection
EndGlobal
