
Microsoft Visual Studio Solution File, Format Version 12.00
# Visual Studio Version 17
VisualStudioVersion = 17.0.32014.148
MinimumVisualStudioVersion = 10.0.40219.1
Project("{FAE04EC0-301F-11D3-BF4B-00C04F79EFBC}") = "Exercicio27", "Exercicio27\Exercicio27.csproj", "{8A3055C7-A23B-4C0D-96DD-B5AD70A53BC1}"
EndProject
Global
	GlobalSection(SolutionConfigurationPlatforms) = preSolution
		Debug|Any CPU = Debug|Any CPU
		Release|Any CPU = Release|Any CPU
	EndGlobalSection
	GlobalSection(ProjectConfigurationPlatforms) = postSolution
		{8A3055C7-A23B-4C0D-96DD-B5AD70A53BC1}.Debug|Any CPU.ActiveCfg = Debug|Any CPU
		{8A3055C7-A23B-4C0D-96DD-B5AD70A53BC1}.Debug|Any CPU.Build.0 = Debug|Any CPU
		{8A3055C7-A23B-4C0D-96DD-B5AD70A53BC1}.Release|Any CPU.ActiveCfg = Release|Any CPU
		{8A3055C7-A23B-4C0D-96DD-B5AD70A53BC1}.Release|Any CPU.Build.0 = Release|Any CPU
	EndGlobalSection
	GlobalSection(SolutionProperties) = preSolution
		HideSolutionNode = FALSE
	EndGlobalSection
	GlobalSection(ExtensibilityGlobals) = postSolution
		SolutionGuid = {D0F9FA29-8115-4DE0-AEDD-FAD739FAFC2A}
	EndGlobalSection
EndGlobal
