
Microsoft Visual Studio Solution File, Format Version 12.00
# Visual Studio Version 17
VisualStudioVersion = 17.0.32014.148
MinimumVisualStudioVersion = 10.0.40219.1
Project("{FAE04EC0-301F-11D3-BF4B-00C04F79EFBC}") = "Exercicio31", "Exercicio31\Exercicio31.csproj", "{4E17FD1D-F98D-40AF-A446-C77ADE52C642}"
EndProject
Global
	GlobalSection(SolutionConfigurationPlatforms) = preSolution
		Debug|Any CPU = Debug|Any CPU
		Release|Any CPU = Release|Any CPU
	EndGlobalSection
	GlobalSection(ProjectConfigurationPlatforms) = postSolution
		{4E17FD1D-F98D-40AF-A446-C77ADE52C642}.Debug|Any CPU.ActiveCfg = Debug|Any CPU
		{4E17FD1D-F98D-40AF-A446-C77ADE52C642}.Debug|Any CPU.Build.0 = Debug|Any CPU
		{4E17FD1D-F98D-40AF-A446-C77ADE52C642}.Release|Any CPU.ActiveCfg = Release|Any CPU
		{4E17FD1D-F98D-40AF-A446-C77ADE52C642}.Release|Any CPU.Build.0 = Release|Any CPU
	EndGlobalSection
	GlobalSection(SolutionProperties) = preSolution
		HideSolutionNode = FALSE
	EndGlobalSection
	GlobalSection(ExtensibilityGlobals) = postSolution
		SolutionGuid = {921C80ED-C02D-4505-819D-FB166E030139}
	EndGlobalSection
EndGlobal
